
Microsoft Visual Studio Solution File, Format Version 12.00
# Visual Studio Version 16
VisualStudioVersion = 16.0.29001.49
MinimumVisualStudioVersion = 10.0.40219.1
Project("{2150E333-8FDC-42A3-9474-1A3956D46DE8}") = "Shared", "Shared", "{D1C15953-54AD-419C-A2DB-7BD38A31F5A8}"
EndProject
Project("{9A19103F-16F7-4668-BE54-9A1E7A4F7556}") = "SyncSoft.Olliix", "..\Shared\Core\SyncSoft.Olliix.csproj", "{51F86FB5-ABE0-48F1-95E0-2804E80C1EB4}"
EndProject
Project("{2150E333-8FDC-42A3-9474-1A3956D46DE8}") = "Host", "Host", "{432CE260-328E-4CCE-A70F-FBBB19A2632B}"
EndProject
Project("{2150E333-8FDC-42A3-9474-1A3956D46DE8}") = "Business", "Business", "{44340327-7CF0-4EA7-B079-41AAAA666363}"
EndProject
Project("{2150E333-8FDC-42A3-9474-1A3956D46DE8}") = "DataAccess", "DataAccess", "{A50480DE-1D60-4E2D-B502-EDFC45CACBCF}"
EndProject
Project("{9A19103F-16F7-4668-BE54-9A1E7A4F7556}") = "SyncSoft.Olliix.Product.ElasticSearch", "DataAccess\ElasticSearch\SyncSoft.Olliix.Product.ElasticSearch.csproj", "{7BCB7443-59B8-4C11-8958-3E8CE96B2832}"
EndProject
Project("{9A19103F-16F7-4668-BE54-9A1E7A4F7556}") = "SyncSoft.Olliix.Product.Consumer", "Business\Consumer\SyncSoft.Olliix.Product.Consumer.csproj", "{E974502F-9625-4D92-917F-ECA85F068D7D}"
EndProject
Project("{9A19103F-16F7-4668-BE54-9A1E7A4F7556}") = "SyncSoft.Olliix.Product.Domain", "Business\Domain\SyncSoft.Olliix.Product.Domain.csproj", "{B6371955-25C9-4311-BAA9-36A8C371487C}"
EndProject
Project("{9A19103F-16F7-4668-BE54-9A1E7A4F7556}") = "SyncSoft.Olliix.Product", "Shared\Core\SyncSoft.Olliix.Product.csproj", "{DB410E84-766A-413B-AC17-E3F662B1C751}"
EndProject
Project("{9A19103F-16F7-4668-BE54-9A1E7A4F7556}") = "SyncSoft.Olliix.Product.Redis", "DataAccess\Redis\SyncSoft.Olliix.Product.Redis.csproj", "{356B1666-7828-4804-A0C5-8584578EF68E}"
EndProject
Project("{9A19103F-16F7-4668-BE54-9A1E7A4F7556}") = "SyncSoft.Olliix.Product.DataFacade", "DataAccess\DataFacade\SyncSoft.Olliix.Product.DataFacade.csproj", "{102616E4-06C1-4E84-A0DD-C840E5D876AD}"
EndProject
Project("{2150E333-8FDC-42A3-9474-1A3956D46DE8}") = "test", "test", "{359DB26D-F0D6-40FD-922E-612AE3FC34BF}"
EndProject
Project("{9A19103F-16F7-4668-BE54-9A1E7A4F7556}") = "SyncSoft.Olliix.Product.SqlServer", "DataAccess\SqlServer\SyncSoft.Olliix.Product.SqlServer.csproj", "{E857415C-5220-41BE-98BA-82CE4C3AB4F8}"
EndProject
Project("{9A19103F-16F7-4668-BE54-9A1E7A4F7556}") = "Tests", "test\NUnit\Tests.csproj", "{A76925DD-80B5-4679-B255-6476EB69D0F2}"
EndProject
Project("{00D1A9C2-B5F0-4AF3-8072-F6C62B433612}") = "SyncSoft.Olliix.Product.SqlServer.Database", "DataAccess\SqlServer.Database\SyncSoft.Olliix.Product.SqlServer.Database.sqlproj", "{B68567C7-0036-4DEC-A3C4-B90CB965D763}"
EndProject
Project("{2150E333-8FDC-42A3-9474-1A3956D46DE8}") = "Client", "Client", "{29B60FCA-B13D-4DB4-9033-8023006BDD7C}"
EndProject
Project("{9A19103F-16F7-4668-BE54-9A1E7A4F7556}") = "SyncSoft.Olliix.Product.API", "Client\API\SyncSoft.Olliix.Product.API.csproj", "{058F040B-82CC-4A63-9A00-8A83887A85F6}"
EndProject
Project("{9A19103F-16F7-4668-BE54-9A1E7A4F7556}") = "SyncSoft.Olliix.Product.WebApi", "Host\WebApi\SyncSoft.Olliix.Product.WebApi.csproj", "{94C18098-3086-4E8E-AF2C-2889D052ED2C}"
EndProject
Global
	GlobalSection(SolutionConfigurationPlatforms) = preSolution
		Debug|Any CPU = Debug|Any CPU
		Release|Any CPU = Release|Any CPU
	EndGlobalSection
	GlobalSection(ProjectConfigurationPlatforms) = postSolution
		{51F86FB5-ABE0-48F1-95E0-2804E80C1EB4}.Debug|Any CPU.ActiveCfg = Debug|Any CPU
		{51F86FB5-ABE0-48F1-95E0-2804E80C1EB4}.Debug|Any CPU.Build.0 = Debug|Any CPU
		{51F86FB5-ABE0-48F1-95E0-2804E80C1EB4}.Release|Any CPU.ActiveCfg = Release|Any CPU
		{51F86FB5-ABE0-48F1-95E0-2804E80C1EB4}.Release|Any CPU.Build.0 = Release|Any CPU
		{7BCB7443-59B8-4C11-8958-3E8CE96B2832}.Debug|Any CPU.ActiveCfg = Debug|Any CPU
		{7BCB7443-59B8-4C11-8958-3E8CE96B2832}.Debug|Any CPU.Build.0 = Debug|Any CPU
		{7BCB7443-59B8-4C11-8958-3E8CE96B2832}.Release|Any CPU.ActiveCfg = Release|Any CPU
		{7BCB7443-59B8-4C11-8958-3E8CE96B2832}.Release|Any CPU.Build.0 = Release|Any CPU
		{E974502F-9625-4D92-917F-ECA85F068D7D}.Debug|Any CPU.ActiveCfg = Debug|Any CPU
		{E974502F-9625-4D92-917F-ECA85F068D7D}.Debug|Any CPU.Build.0 = Debug|Any CPU
		{E974502F-9625-4D92-917F-ECA85F068D7D}.Release|Any CPU.ActiveCfg = Release|Any CPU
		{E974502F-9625-4D92-917F-ECA85F068D7D}.Release|Any CPU.Build.0 = Release|Any CPU
		{B6371955-25C9-4311-BAA9-36A8C371487C}.Debug|Any CPU.ActiveCfg = Debug|Any CPU
		{B6371955-25C9-4311-BAA9-36A8C371487C}.Debug|Any CPU.Build.0 = Debug|Any CPU
		{B6371955-25C9-4311-BAA9-36A8C371487C}.Release|Any CPU.ActiveCfg = Release|Any CPU
		{B6371955-25C9-4311-BAA9-36A8C371487C}.Release|Any CPU.Build.0 = Release|Any CPU
		{DB410E84-766A-413B-AC17-E3F662B1C751}.Debug|Any CPU.ActiveCfg = Debug|Any CPU
		{DB410E84-766A-413B-AC17-E3F662B1C751}.Debug|Any CPU.Build.0 = Debug|Any CPU
		{DB410E84-766A-413B-AC17-E3F662B1C751}.Release|Any CPU.ActiveCfg = Release|Any CPU
		{DB410E84-766A-413B-AC17-E3F662B1C751}.Release|Any CPU.Build.0 = Release|Any CPU
		{356B1666-7828-4804-A0C5-8584578EF68E}.Debug|Any CPU.ActiveCfg = Debug|Any CPU
		{356B1666-7828-4804-A0C5-8584578EF68E}.Debug|Any CPU.Build.0 = Debug|Any CPU
		{356B1666-7828-4804-A0C5-8584578EF68E}.Release|Any CPU.ActiveCfg = Release|Any CPU
		{356B1666-7828-4804-A0C5-8584578EF68E}.Release|Any CPU.Build.0 = Release|Any CPU
		{102616E4-06C1-4E84-A0DD-C840E5D876AD}.Debug|Any CPU.ActiveCfg = Debug|Any CPU
		{102616E4-06C1-4E84-A0DD-C840E5D876AD}.Debug|Any CPU.Build.0 = Debug|Any CPU
		{102616E4-06C1-4E84-A0DD-C840E5D876AD}.Release|Any CPU.ActiveCfg = Release|Any CPU
		{102616E4-06C1-4E84-A0DD-C840E5D876AD}.Release|Any CPU.Build.0 = Release|Any CPU
		{E857415C-5220-41BE-98BA-82CE4C3AB4F8}.Debug|Any CPU.ActiveCfg = Debug|Any CPU
		{E857415C-5220-41BE-98BA-82CE4C3AB4F8}.Debug|Any CPU.Build.0 = Debug|Any CPU
		{E857415C-5220-41BE-98BA-82CE4C3AB4F8}.Release|Any CPU.ActiveCfg = Release|Any CPU
		{E857415C-5220-41BE-98BA-82CE4C3AB4F8}.Release|Any CPU.Build.0 = Release|Any CPU
		{A76925DD-80B5-4679-B255-6476EB69D0F2}.Debug|Any CPU.ActiveCfg = Debug|Any CPU
		{A76925DD-80B5-4679-B255-6476EB69D0F2}.Debug|Any CPU.Build.0 = Debug|Any CPU
		{A76925DD-80B5-4679-B255-6476EB69D0F2}.Release|Any CPU.ActiveCfg = Release|Any CPU
		{A76925DD-80B5-4679-B255-6476EB69D0F2}.Release|Any CPU.Build.0 = Release|Any CPU
		{B68567C7-0036-4DEC-A3C4-B90CB965D763}.Debug|Any CPU.ActiveCfg = Debug|Any CPU
		{B68567C7-0036-4DEC-A3C4-B90CB965D763}.Debug|Any CPU.Build.0 = Debug|Any CPU
		{B68567C7-0036-4DEC-A3C4-B90CB965D763}.Debug|Any CPU.Deploy.0 = Debug|Any CPU
		{B68567C7-0036-4DEC-A3C4-B90CB965D763}.Release|Any CPU.ActiveCfg = Release|Any CPU
		{B68567C7-0036-4DEC-A3C4-B90CB965D763}.Release|Any CPU.Build.0 = Release|Any CPU
		{B68567C7-0036-4DEC-A3C4-B90CB965D763}.Release|Any CPU.Deploy.0 = Release|Any CPU
		{058F040B-82CC-4A63-9A00-8A83887A85F6}.Debug|Any CPU.ActiveCfg = Debug|Any CPU
		{058F040B-82CC-4A63-9A00-8A83887A85F6}.Debug|Any CPU.Build.0 = Debug|Any CPU
		{058F040B-82CC-4A63-9A00-8A83887A85F6}.Release|Any CPU.ActiveCfg = Release|Any CPU
		{058F040B-82CC-4A63-9A00-8A83887A85F6}.Release|Any CPU.Build.0 = Release|Any CPU
		{94C18098-3086-4E8E-AF2C-2889D052ED2C}.Debug|Any CPU.ActiveCfg = Debug|Any CPU
		{94C18098-3086-4E8E-AF2C-2889D052ED2C}.Debug|Any CPU.Build.0 = Debug|Any CPU
		{94C18098-3086-4E8E-AF2C-2889D052ED2C}.Release|Any CPU.ActiveCfg = Release|Any CPU
		{94C18098-3086-4E8E-AF2C-2889D052ED2C}.Release|Any CPU.Build.0 = Release|Any CPU
	EndGlobalSection
	GlobalSection(SolutionProperties) = preSolution
		HideSolutionNode = FALSE
	EndGlobalSection
	GlobalSection(NestedProjects) = preSolution
		{51F86FB5-ABE0-48F1-95E0-2804E80C1EB4} = {D1C15953-54AD-419C-A2DB-7BD38A31F5A8}
		{7BCB7443-59B8-4C11-8958-3E8CE96B2832} = {A50480DE-1D60-4E2D-B502-EDFC45CACBCF}
		{E974502F-9625-4D92-917F-ECA85F068D7D} = {44340327-7CF0-4EA7-B079-41AAAA666363}
		{B6371955-25C9-4311-BAA9-36A8C371487C} = {44340327-7CF0-4EA7-B079-41AAAA666363}
		{DB410E84-766A-413B-AC17-E3F662B1C751} = {D1C15953-54AD-419C-A2DB-7BD38A31F5A8}
		{356B1666-7828-4804-A0C5-8584578EF68E} = {A50480DE-1D60-4E2D-B502-EDFC45CACBCF}
		{102616E4-06C1-4E84-A0DD-C840E5D876AD} = {A50480DE-1D60-4E2D-B502-EDFC45CACBCF}
		{E857415C-5220-41BE-98BA-82CE4C3AB4F8} = {A50480DE-1D60-4E2D-B502-EDFC45CACBCF}
		{A76925DD-80B5-4679-B255-6476EB69D0F2} = {359DB26D-F0D6-40FD-922E-612AE3FC34BF}
		{B68567C7-0036-4DEC-A3C4-B90CB965D763} = {A50480DE-1D60-4E2D-B502-EDFC45CACBCF}
		{058F040B-82CC-4A63-9A00-8A83887A85F6} = {29B60FCA-B13D-4DB4-9033-8023006BDD7C}
		{94C18098-3086-4E8E-AF2C-2889D052ED2C} = {432CE260-328E-4CCE-A70F-FBBB19A2632B}
	EndGlobalSection
	GlobalSection(ExtensibilityGlobals) = postSolution
		SolutionGuid = {30468763-5B5F-4DF9-8E33-6DB09C949ADD}
	EndGlobalSection
EndGlobal
